
Microsoft Visual Studio Solution File, Format Version 12.00
# Visual Studio 15
VisualStudioVersion = 15.0.27703.2035
MinimumVisualStudioVersion = 10.0.40219.1
Project("{FAE04EC0-301F-11D3-BF4B-00C04F79EFBC}") = "Ark Threadripper Launcher", "Ark Threadripper Launcher\Ark Threadripper Launcher.csproj", "{AD998DA7-24FC-4938-93D6-18A51137C614}"
EndProject
Global
	GlobalSection(SolutionConfigurationPlatforms) = preSolution
		Debug|Any CPU = Debug|Any CPU
		Debug|x64 = Debug|x64
		Debug|x86 = Debug|x86
		Release|Any CPU = Release|Any CPU
		Release|x64 = Release|x64
		Release|x86 = Release|x86
	EndGlobalSection
	GlobalSection(ProjectConfigurationPlatforms) = postSolution
		{AD998DA7-24FC-4938-93D6-18A51137C614}.Debug|Any CPU.ActiveCfg = Debug|Any CPU
		{AD998DA7-24FC-4938-93D6-18A51137C614}.Debug|Any CPU.Build.0 = Debug|Any CPU
		{AD998DA7-24FC-4938-93D6-18A51137C614}.Debug|x64.ActiveCfg = Debug|x64
		{AD998DA7-24FC-4938-93D6-18A51137C614}.Debug|x64.Build.0 = Debug|x64
		{AD998DA7-24FC-4938-93D6-18A51137C614}.Debug|x86.ActiveCfg = Debug|x86
		{AD998DA7-24FC-4938-93D6-18A51137C614}.Debug|x86.Build.0 = Debug|x86
		{AD998DA7-24FC-4938-93D6-18A51137C614}.Release|Any CPU.ActiveCfg = Release|Any CPU
		{AD998DA7-24FC-4938-93D6-18A51137C614}.Release|Any CPU.Build.0 = Release|Any CPU
		{AD998DA7-24FC-4938-93D6-18A51137C614}.Release|x64.ActiveCfg = Release|x64
		{AD998DA7-24FC-4938-93D6-18A51137C614}.Release|x64.Build.0 = Release|x64
		{AD998DA7-24FC-4938-93D6-18A51137C614}.Release|x86.ActiveCfg = Release|x86
		{AD998DA7-24FC-4938-93D6-18A51137C614}.Release|x86.Build.0 = Release|x86
	EndGlobalSection
	GlobalSection(SolutionProperties) = preSolution
		HideSolutionNode = FALSE
	EndGlobalSection
	GlobalSection(ExtensibilityGlobals) = postSolution
		SolutionGuid = {57C67F29-0120-4854-A28F-4E8F18966D0C}
	EndGlobalSection
EndGlobal
